
Microsoft Visual Studio Solution File, Format Version 12.00
# Visual Studio Version 16
VisualStudioVersion = 16.0.29411.108
MinimumVisualStudioVersion = 10.0.40219.1
Project("{9A19103F-16F7-4668-BE54-9A1E7A4F7556}") = "TaskManager", "TaskManager\TaskManager.csproj", "{DD8E27F2-C94F-4A0B-8CF7-6EDA45A4DAC9}"
EndProject
Project("{9A19103F-16F7-4668-BE54-9A1E7A4F7556}") = "TaskManager.Entities", "TaskManager.Entities\TaskManager.Entities.csproj", "{397169B4-316E-48CA-93AE-6D49C21BE779}"
EndProject
Project("{9A19103F-16F7-4668-BE54-9A1E7A4F7556}") = "TaskManager.DataBase", "TaskManager.DataBase\TaskManager.DataBase.csproj", "{39A75277-CE95-4B5D-A06C-712E62D16C25}"
EndProject
Project("{FAE04EC0-301F-11D3-BF4B-00C04F79EFBC}") = "TaskManager.DataAccess", "TaskManager.DataAccess\TaskManager.DataAccess.csproj", "{9A253ACF-A552-42C7-A666-F65D21B3201E}"
EndProject
Project("{FAE04EC0-301F-11D3-BF4B-00C04F79EFBC}") = "TaskManager.ViewModel", "TaskManager.ViewModel\TaskManager.ViewModel.csproj", "{50A231DB-E03D-4689-BAF5-4D68B10A8098}"
EndProject
Project("{FAE04EC0-301F-11D3-BF4B-00C04F79EFBC}") = "TaskManager.DataAccess.Implementations", "TaskManager.DataAccess.Implementations\TaskManager.DataAccess.Implementations.csproj", "{BCF70D8D-365D-4234-932B-91170EDA86E8}"
EndProject
Global
	GlobalSection(SolutionConfigurationPlatforms) = preSolution
		Debug|Any CPU = Debug|Any CPU
		Release|Any CPU = Release|Any CPU
	EndGlobalSection
	GlobalSection(ProjectConfigurationPlatforms) = postSolution
		{DD8E27F2-C94F-4A0B-8CF7-6EDA45A4DAC9}.Debug|Any CPU.ActiveCfg = Debug|Any CPU
		{DD8E27F2-C94F-4A0B-8CF7-6EDA45A4DAC9}.Debug|Any CPU.Build.0 = Debug|Any CPU
		{DD8E27F2-C94F-4A0B-8CF7-6EDA45A4DAC9}.Release|Any CPU.ActiveCfg = Release|Any CPU
		{DD8E27F2-C94F-4A0B-8CF7-6EDA45A4DAC9}.Release|Any CPU.Build.0 = Release|Any CPU
		{397169B4-316E-48CA-93AE-6D49C21BE779}.Debug|Any CPU.ActiveCfg = Debug|Any CPU
		{397169B4-316E-48CA-93AE-6D49C21BE779}.Debug|Any CPU.Build.0 = Debug|Any CPU
		{397169B4-316E-48CA-93AE-6D49C21BE779}.Release|Any CPU.ActiveCfg = Release|Any CPU
		{397169B4-316E-48CA-93AE-6D49C21BE779}.Release|Any CPU.Build.0 = Release|Any CPU
		{39A75277-CE95-4B5D-A06C-712E62D16C25}.Debug|Any CPU.ActiveCfg = Debug|Any CPU
		{39A75277-CE95-4B5D-A06C-712E62D16C25}.Debug|Any CPU.Build.0 = Debug|Any CPU
		{39A75277-CE95-4B5D-A06C-712E62D16C25}.Release|Any CPU.ActiveCfg = Release|Any CPU
		{39A75277-CE95-4B5D-A06C-712E62D16C25}.Release|Any CPU.Build.0 = Release|Any CPU
		{9A253ACF-A552-42C7-A666-F65D21B3201E}.Debug|Any CPU.ActiveCfg = Debug|Any CPU
		{9A253ACF-A552-42C7-A666-F65D21B3201E}.Debug|Any CPU.Build.0 = Debug|Any CPU
		{9A253ACF-A552-42C7-A666-F65D21B3201E}.Release|Any CPU.ActiveCfg = Release|Any CPU
		{9A253ACF-A552-42C7-A666-F65D21B3201E}.Release|Any CPU.Build.0 = Release|Any CPU
		{50A231DB-E03D-4689-BAF5-4D68B10A8098}.Debug|Any CPU.ActiveCfg = Debug|Any CPU
		{50A231DB-E03D-4689-BAF5-4D68B10A8098}.Debug|Any CPU.Build.0 = Debug|Any CPU
		{50A231DB-E03D-4689-BAF5-4D68B10A8098}.Release|Any CPU.ActiveCfg = Release|Any CPU
		{50A231DB-E03D-4689-BAF5-4D68B10A8098}.Release|Any CPU.Build.0 = Release|Any CPU
		{BCF70D8D-365D-4234-932B-91170EDA86E8}.Debug|Any CPU.ActiveCfg = Debug|Any CPU
		{BCF70D8D-365D-4234-932B-91170EDA86E8}.Debug|Any CPU.Build.0 = Debug|Any CPU
		{BCF70D8D-365D-4234-932B-91170EDA86E8}.Release|Any CPU.ActiveCfg = Release|Any CPU
		{BCF70D8D-365D-4234-932B-91170EDA86E8}.Release|Any CPU.Build.0 = Release|Any CPU
	EndGlobalSection
	GlobalSection(SolutionProperties) = preSolution
		HideSolutionNode = FALSE
	EndGlobalSection
	GlobalSection(ExtensibilityGlobals) = postSolution
		SolutionGuid = {BDB685B4-2D9F-4175-BE45-9BD24F78EA09}
	EndGlobalSection
EndGlobal
